
Microsoft Visual Studio Solution File, Format Version 12.00
# Visual Studio Version 16
VisualStudioVersion = 16.0.31424.327
MinimumVisualStudioVersion = 10.0.40219.1
Project("{9A19103F-16F7-4668-BE54-9A1E7A4F7556}") = "CalulcatorApiLib", "CalulcatorApiLib\CalulcatorApiLib.csproj", "{2A3711A9-9593-43EF-B172-90203D9A7370}"
EndProject
Project("{FAE04EC0-301F-11D3-BF4B-00C04F79EFBC}") = "ORMDemoUsingEFCore", "ORMDemoUsingEFCore\ORMDemoUsingEFCore.csproj", "{CA504C99-888F-415F-B007-D9131E8C4C93}"
EndProject
Project("{FAE04EC0-301F-11D3-BF4B-00C04F79EFBC}") = "ApiUsingEF", "ApiUsingEF\ApiUsingEF.csproj", "{DFFA451C-CA49-4B2F-9721-996E97675127}"
EndProject
Project("{FAE04EC0-301F-11D3-BF4B-00C04F79EFBC}") = "MiddlewareDemo", "MiddlewareDemo\MiddlewareDemo.csproj", "{3752E592-71BE-4E5A-8907-39B853A5D5C0}"
EndProject
Project("{FAE04EC0-301F-11D3-BF4B-00C04F79EFBC}") = "ExceptionHnadlingDemo", "ExceptionHnadlingDemo\ExceptionHnadlingDemo.csproj", "{D381726F-CE94-4DF2-8945-891922C61C93}"
EndProject
Project("{FAE04EC0-301F-11D3-BF4B-00C04F79EFBC}") = "MongoConnectDemo", "MongoConnectDemo\MongoConnectDemo.csproj", "{663161E2-437C-4101-8A2A-0787CE7F9A4D}"
EndProject
Project("{FAE04EC0-301F-11D3-BF4B-00C04F79EFBC}") = "NoSqlConnectivityDemo", "NoSqlConnectivityDemo\NoSqlConnectivityDemo.csproj", "{385E0A4E-FC0C-4866-A97F-331CCF2A6EE2}"
EndProject
Project("{FAE04EC0-301F-11D3-BF4B-00C04F79EFBC}") = "Data-Drien-XUnit", "Data-Drien-XUnit\Data-Drien-XUnit.csproj", "{B8A2078C-9C99-4C69-A944-376EC500387E}"
EndProject
Project("{FAE04EC0-301F-11D3-BF4B-00C04F79EFBC}") = "MockingUsingMoc", "MockingUsingMoc\MockingUsingMoc.csproj", "{672EB871-06E4-4A7B-8ECC-79F4FCA8D640}"
EndProject
Project("{FAE04EC0-301F-11D3-BF4B-00C04F79EFBC}") = "SOLIDDemo", "SOLIDDemo\SOLIDDemo.csproj", "{6D014237-331E-40BE-AE2C-5D0C91536917}"
EndProject
Project("{9A19103F-16F7-4668-BE54-9A1E7A4F7556}") = "LoanApplication.Core", "..\LoanApplication.Core\LoanApplication.Core.csproj", "{259FF483-F9CE-4DDE-96DC-6F136EA8FDF0}"
EndProject
Global
	GlobalSection(SolutionConfigurationPlatforms) = preSolution
		Debug|Any CPU = Debug|Any CPU
		Release|Any CPU = Release|Any CPU
	EndGlobalSection
	GlobalSection(ProjectConfigurationPlatforms) = postSolution
		{2A3711A9-9593-43EF-B172-90203D9A7370}.Debug|Any CPU.ActiveCfg = Debug|Any CPU
		{2A3711A9-9593-43EF-B172-90203D9A7370}.Debug|Any CPU.Build.0 = Debug|Any CPU
		{2A3711A9-9593-43EF-B172-90203D9A7370}.Release|Any CPU.ActiveCfg = Release|Any CPU
		{2A3711A9-9593-43EF-B172-90203D9A7370}.Release|Any CPU.Build.0 = Release|Any CPU
		{CA504C99-888F-415F-B007-D9131E8C4C93}.Debug|Any CPU.ActiveCfg = Debug|Any CPU
		{CA504C99-888F-415F-B007-D9131E8C4C93}.Debug|Any CPU.Build.0 = Debug|Any CPU
		{CA504C99-888F-415F-B007-D9131E8C4C93}.Release|Any CPU.ActiveCfg = Release|Any CPU
		{CA504C99-888F-415F-B007-D9131E8C4C93}.Release|Any CPU.Build.0 = Release|Any CPU
		{DFFA451C-CA49-4B2F-9721-996E97675127}.Debug|Any CPU.ActiveCfg = Debug|Any CPU
		{DFFA451C-CA49-4B2F-9721-996E97675127}.Debug|Any CPU.Build.0 = Debug|Any CPU
		{DFFA451C-CA49-4B2F-9721-996E97675127}.Release|Any CPU.ActiveCfg = Release|Any CPU
		{DFFA451C-CA49-4B2F-9721-996E97675127}.Release|Any CPU.Build.0 = Release|Any CPU
		{3752E592-71BE-4E5A-8907-39B853A5D5C0}.Debug|Any CPU.ActiveCfg = Debug|Any CPU
		{3752E592-71BE-4E5A-8907-39B853A5D5C0}.Debug|Any CPU.Build.0 = Debug|Any CPU
		{3752E592-71BE-4E5A-8907-39B853A5D5C0}.Release|Any CPU.ActiveCfg = Release|Any CPU
		{3752E592-71BE-4E5A-8907-39B853A5D5C0}.Release|Any CPU.Build.0 = Release|Any CPU
		{D381726F-CE94-4DF2-8945-891922C61C93}.Debug|Any CPU.ActiveCfg = Debug|Any CPU
		{D381726F-CE94-4DF2-8945-891922C61C93}.Debug|Any CPU.Build.0 = Debug|Any CPU
		{D381726F-CE94-4DF2-8945-891922C61C93}.Release|Any CPU.ActiveCfg = Release|Any CPU
		{D381726F-CE94-4DF2-8945-891922C61C93}.Release|Any CPU.Build.0 = Release|Any CPU
		{663161E2-437C-4101-8A2A-0787CE7F9A4D}.Debug|Any CPU.ActiveCfg = Debug|Any CPU
		{663161E2-437C-4101-8A2A-0787CE7F9A4D}.Debug|Any CPU.Build.0 = Debug|Any CPU
		{663161E2-437C-4101-8A2A-0787CE7F9A4D}.Release|Any CPU.ActiveCfg = Release|Any CPU
		{663161E2-437C-4101-8A2A-0787CE7F9A4D}.Release|Any CPU.Build.0 = Release|Any CPU
		{385E0A4E-FC0C-4866-A97F-331CCF2A6EE2}.Debug|Any CPU.ActiveCfg = Debug|Any CPU
		{385E0A4E-FC0C-4866-A97F-331CCF2A6EE2}.Debug|Any CPU.Build.0 = Debug|Any CPU
		{385E0A4E-FC0C-4866-A97F-331CCF2A6EE2}.Release|Any CPU.ActiveCfg = Release|Any CPU
		{385E0A4E-FC0C-4866-A97F-331CCF2A6EE2}.Release|Any CPU.Build.0 = Release|Any CPU
		{B8A2078C-9C99-4C69-A944-376EC500387E}.Debug|Any CPU.ActiveCfg = Debug|Any CPU
		{B8A2078C-9C99-4C69-A944-376EC500387E}.Debug|Any CPU.Build.0 = Debug|Any CPU
		{B8A2078C-9C99-4C69-A944-376EC500387E}.Release|Any CPU.ActiveCfg = Release|Any CPU
		{B8A2078C-9C99-4C69-A944-376EC500387E}.Release|Any CPU.Build.0 = Release|Any CPU
		{672EB871-06E4-4A7B-8ECC-79F4FCA8D640}.Debug|Any CPU.ActiveCfg = Debug|Any CPU
		{672EB871-06E4-4A7B-8ECC-79F4FCA8D640}.Debug|Any CPU.Build.0 = Debug|Any CPU
		{672EB871-06E4-4A7B-8ECC-79F4FCA8D640}.Release|Any CPU.ActiveCfg = Release|Any CPU
		{672EB871-06E4-4A7B-8ECC-79F4FCA8D640}.Release|Any CPU.Build.0 = Release|Any CPU
		{6D014237-331E-40BE-AE2C-5D0C91536917}.Debug|Any CPU.ActiveCfg = Debug|Any CPU
		{6D014237-331E-40BE-AE2C-5D0C91536917}.Debug|Any CPU.Build.0 = Debug|Any CPU
		{6D014237-331E-40BE-AE2C-5D0C91536917}.Release|Any CPU.ActiveCfg = Release|Any CPU
		{6D014237-331E-40BE-AE2C-5D0C91536917}.Release|Any CPU.Build.0 = Release|Any CPU
		{259FF483-F9CE-4DDE-96DC-6F136EA8FDF0}.Debug|Any CPU.ActiveCfg = Debug|Any CPU
		{259FF483-F9CE-4DDE-96DC-6F136EA8FDF0}.Debug|Any CPU.Build.0 = Debug|Any CPU
		{259FF483-F9CE-4DDE-96DC-6F136EA8FDF0}.Release|Any CPU.ActiveCfg = Release|Any CPU
		{259FF483-F9CE-4DDE-96DC-6F136EA8FDF0}.Release|Any CPU.Build.0 = Release|Any CPU
	EndGlobalSection
	GlobalSection(SolutionProperties) = preSolution
		HideSolutionNode = FALSE
	EndGlobalSection
	GlobalSection(ExtensibilityGlobals) = postSolution
		SolutionGuid = {90C91BE8-5DE7-4E39-9935-63FF5F78A039}
	EndGlobalSection
EndGlobal
