
Microsoft Visual Studio Solution File, Format Version 12.00
# Visual Studio Version 16
VisualStudioVersion = 16.0.31515.178
MinimumVisualStudioVersion = 10.0.40219.1
Project("{FAE04EC0-301F-11D3-BF4B-00C04F79EFBC}") = "EMICalculatorAPIClient", "EMICalculatorAPIClient\EMICalculatorAPIClient.csproj", "{C1D7A36D-4892-4FC2-890E-1A3DF107318A}"
EndProject
Global
	GlobalSection(SolutionConfigurationPlatforms) = preSolution
		Debug|Any CPU = Debug|Any CPU
		Release|Any CPU = Release|Any CPU
	EndGlobalSection
	GlobalSection(ProjectConfigurationPlatforms) = postSolution
		{C1D7A36D-4892-4FC2-890E-1A3DF107318A}.Debug|Any CPU.ActiveCfg = Debug|Any CPU
		{C1D7A36D-4892-4FC2-890E-1A3DF107318A}.Debug|Any CPU.Build.0 = Debug|Any CPU
		{C1D7A36D-4892-4FC2-890E-1A3DF107318A}.Release|Any CPU.ActiveCfg = Release|Any CPU
		{C1D7A36D-4892-4FC2-890E-1A3DF107318A}.Release|Any CPU.Build.0 = Release|Any CPU
	EndGlobalSection
	GlobalSection(SolutionProperties) = preSolution
		HideSolutionNode = FALSE
	EndGlobalSection
	GlobalSection(ExtensibilityGlobals) = postSolution
		SolutionGuid = {83533AE8-1E27-492F-AA13-ED54AA8DF550}
	EndGlobalSection
EndGlobal
